hash: cc9fd8113df8696178f2c2ff652ccb389b01b4593b99244440c6d393483535e2
updated: 2016-07-15T15:54:12.329646448-04:00
imports:
- name: github.com/disintegration/imaging
  version: d8bbae1de109b518dabc98c6c1633eb358c148a4
- name: github.com/golang/glog
  version: 23def4e6c14b4da8ac2ed8007337bc5eb5007998
- name: github.com/google/btree
  version: 7d79101e329e5a3adf994758c578dab82b90c017
- name: github.com/gregjones/httpcache
  version: 16db777d8ebea60a3e746a7e0703eaaa53f85f7f
  subpackages:
  - diskcache
- name: github.com/kr/http
  version: 77bd98b60462aab91988ae155ecc11a74833f5b7
  subpackages:
  - transport
- name: github.com/peterbourgon/diskv
  version: 5dfcb07a075adbaaa4094cddfd160b1e1c77a043
- name: github.com/sqs/s3
  version: ee47412d98d9637046a7096f24809bc45f6bcbd5
  subpackages:
  - s3util
- name: golang.org/x/image
  version: 81315f0c68fbff1933c96bdfdb09df67e712f779
  subpackages:
  - bmp
  - tiff
  - tiff/lzw
- name: sourcegraph.com/sourcegraph/s3cache
  version: 4150cc6b046500fb69804e34aa4a1ca8be361bcb
- name: willnorris.com/go/gifresize
  version: 6a222229fa0697e6da06ec80f8ffd0ada346669d
devImports: []
